dependencies:
  espressif/esp_tinyusb:
    component_hash: 43d73c626724054db083ad2a537e8af223e3bca7a915fc38a9d9c6c7f2920a69
    source:
      storage_url: file:///G:/360Downloads/ESP-IDF/Espressif/registry
      type: service
    version: 1.4.3
  espressif/tinyusb:
    component_hash: a01cfb210e3bca8f046ca55b3aeb6b4329c22345ca2479e29d1ce7dc267abe65
    source:
      storage_url: file:///G:/360Downloads/ESP-IDF/Espressif/registry
      type: service
    version: 0.15.0~5
  idf:
    component_hash: null
    source:
      type: idf
    version: 5.1.2
manifest_hash: 9be75e27c46955aa6c82a45d379b72c0a5330c38cb12f0aaaa011ed3e46c6f87
target: esp32s3
version: 1.0.0
